
Microsoft Visual Studio Solution File, Format Version 12.00
# Visual Studio Version 17
VisualStudioVersion = 17.11.35312.102
MinimumVisualStudioVersion = 10.0.40219.1
Project("{FAE04EC0-301F-11D3-BF4B-00C04F79EFBC}") = "LinhaDireta.Dominio", "LinhaDireta.Dominio\LinhaDireta.Dominio.csproj", "{C68842BD-8995-4DD7-AEAC-52A9B75F1825}"
EndProject
Project("{FAE04EC0-301F-11D3-BF4B-00C04F79EFBC}") = "LinhaDireta.Dados", "LinhaDireta.Dados\LinhaDireta.Dados.csproj", "{0EAE813A-7179-4DC4-AECC-15E6C42B84F3}"
EndProject
Project("{FAE04EC0-301F-11D3-BF4B-00C04F79EFBC}") = "LinhaDireta.API", "LinhaDireta.API\LinhaDireta.API.csproj", "{EBE5B181-D0D1-4FBF-9015-60E32E41BAE0}"
EndProject
Global
	GlobalSection(SolutionConfigurationPlatforms) = preSolution
		Debug|Any CPU = Debug|Any CPU
		Release|Any CPU = Release|Any CPU
	EndGlobalSection
	GlobalSection(ProjectConfigurationPlatforms) = postSolution
		{C68842BD-8995-4DD7-AEAC-52A9B75F1825}.Debug|Any CPU.ActiveCfg = Debug|Any CPU
		{C68842BD-8995-4DD7-AEAC-52A9B75F1825}.Debug|Any CPU.Build.0 = Debug|Any CPU
		{C68842BD-8995-4DD7-AEAC-52A9B75F1825}.Release|Any CPU.ActiveCfg = Release|Any CPU
		{C68842BD-8995-4DD7-AEAC-52A9B75F1825}.Release|Any CPU.Build.0 = Release|Any CPU
		{0EAE813A-7179-4DC4-AECC-15E6C42B84F3}.Debug|Any CPU.ActiveCfg = Debug|Any CPU
		{0EAE813A-7179-4DC4-AECC-15E6C42B84F3}.Debug|Any CPU.Build.0 = Debug|Any CPU
		{0EAE813A-7179-4DC4-AECC-15E6C42B84F3}.Release|Any CPU.ActiveCfg = Release|Any CPU
		{0EAE813A-7179-4DC4-AECC-15E6C42B84F3}.Release|Any CPU.Build.0 = Release|Any CPU
		{EBE5B181-D0D1-4FBF-9015-60E32E41BAE0}.Debug|Any CPU.ActiveCfg = Debug|Any CPU
		{EBE5B181-D0D1-4FBF-9015-60E32E41BAE0}.Debug|Any CPU.Build.0 = Debug|Any CPU
		{EBE5B181-D0D1-4FBF-9015-60E32E41BAE0}.Release|Any CPU.ActiveCfg = Release|Any CPU
		{EBE5B181-D0D1-4FBF-9015-60E32E41BAE0}.Release|Any CPU.Build.0 = Release|Any CPU
	EndGlobalSection
	GlobalSection(SolutionProperties) = preSolution
		HideSolutionNode = FALSE
	EndGlobalSection
	GlobalSection(ExtensibilityGlobals) = postSolution
		SolutionGuid = {53C6D2C6-33C3-4F14-B274-1980B2D3E6AF}
	EndGlobalSection
EndGlobal
